# Synthesis check of the OCM-PLD VDP replacement on its own (entity vdp).
# In a real core, add ocm/f18a_vdp_ocm.vhd, ocm/f18a_vdp_pll.v and the F18A
# core files to the core's project instead of src/video/vdp*.vhd.

set_global_assignment -name FAMILY "Cyclone IV E"
set_global_assignment -name DEVICE EP4CE22F17C8
set_global_assignment -name TOP_LEVEL_ENTITY vdp
set_global_assignment -name PROJECT_OUTPUT_DIRECTORY output_files
set_global_assignment -name VHDL_INPUT_VERSION VHDL_2008
set_global_assignment -name VHDL_FILE ../f18a_video_pkg.vhd
set_global_assignment -name VHDL_FILE ../f18a_version.vhd
set_global_assignment -name VHDL_FILE ../f18a_color.vhd
set_global_assignment -name VHDL_FILE ../f18a_counters.vhd
set_global_assignment -name VHDL_FILE ../f18a_div32x16.vhd
set_global_assignment -name VHDL_FILE ../f18a_single_port_ram.vhd
set_global_assignment -name VHDL_FILE ../f18a_vram.vhd
set_global_assignment -name VHDL_FILE ../f18a_raster.vhd
set_global_assignment -name VHDL_FILE ../f18a_gpu.vhd
set_global_assignment -name VHDL_FILE ../f18a_cpu.vhd
set_global_assignment -name VHDL_FILE ../f18a_tile_linebuf.vhd
set_global_assignment -name VHDL_FILE ../f18a_bitmap.vhd
set_global_assignment -name VHDL_FILE ../f18a_tiles.vhd
set_global_assignment -name VHDL_FILE ../f18a_sprites.vhd
set_global_assignment -name VHDL_FILE ../f18a_core.vhd
set_global_assignment -name VERILOG_FILE f18a_vdp_pll.v
set_global_assignment -name VHDL_FILE f18a_vdp_ocm.vhd
set_global_assignment -name SDC_FILE f18a_vdp.sdc

# The ports connect to the rest of the core, not to pins.
set_instance_assignment -name VIRTUAL_PIN ON -to *
set_instance_assignment -name VIRTUAL_PIN OFF -to clk21m

set_global_assignment -name OPTIMIZATION_MODE "HIGH PERFORMANCE EFFORT"
set_global_assignment -name PHYSICAL_SYNTHESIS_COMBO_LOGIC ON
set_global_assignment -name PHYSICAL_SYNTHESIS_REGISTER_DUPLICATION ON
set_global_assignment -name PHYSICAL_SYNTHESIS_REGISTER_RETIMING ON
set_global_assignment -name PHYSICAL_SYNTHESIS_EFFORT EXTRA
set_global_assignment -name TIMING_ANALYZER_MULTICORNER_ANALYSIS ON
